// !$*UTF8*$!
{
	archiveVersion = 1;
	classes = {
	};
	objectVersion = 56;
	objects = {

/* Begin PBXBuildFile section */
		503603422A69B50300CB7073 /* pokedex_swiftApp.swift in Sources */ = {isa = PBXBuildFile; fileRef = 503603412A69B50300CB7073 /* pokedex_swiftApp.swift */; };
		503603442A69B50300CB7073 /* ContentView.swift in Sources */ = {isa = PBXBuildFile; fileRef = 503603432A69B50300CB7073 /* ContentView.swift */; };
		503603462A69B50400CB7073 /* Assets.xcassets in Resources */ = {isa = PBXBuildFile; fileRef = 503603452A69B50400CB7073 /* Assets.xcassets */; };
		503603492A69B50400CB7073 /* Preview Assets.xcassets in Resources */ = {isa = PBXBuildFile; fileRef = 503603482A69B50400CB7073 /* Preview Assets.xcassets */; };
		503603522A69C82100CB7073 /* ImageView.swift in Sources */ = {isa = PBXBuildFile; fileRef = 503603512A69C82100CB7073 /* ImageView.swift */; };
		506F7D842A7C35B70027574B /* pokedex_swiftTests.swift in Sources */ = {isa = PBXBuildFile; fileRef = 506F7D832A7C35B70027574B /* pokedex_swiftTests.swift */; };
/* End PBXBuildFile section */

/* Begin PBXContainerItemProxy section */
		506F7D852A7C35B70027574B /* PBXContainerItemProxy */ = {
			isa = PBXContainerItemProxy;
			containerPortal = 503603362A69B50300CB7073 /* Project object */;
			proxyType = 1;
			remoteGlobalIDString = 5036033D2A69B50300CB7073;
			remoteInfo = "pokedex-swift";
		};
/* End PBXContainerItemProxy section */

/* Begin PBXFileReference section */
		5036033E2A69B50300CB7073 /* pokedex-swift.app */ = {isa = PBXFileReference; explicitFileType = wrapper.application; includeInIndex = 0; path = "pokedex-swift.app"; sourceTree = BUILT_PRODUCTS_DIR; };
		503603412A69B50300CB7073 /* pokedex_swiftApp.swift */ = {isa = PBXFileReference; lastKnownFileType = sourcecode.swift; path = pokedex_swiftApp.swift; sourceTree = "<group>"; };
		503603432A69B50300CB7073 /* ContentView.swift */ = {isa = PBXFileReference; lastKnownFileType = sourcecode.swift; path = ContentView.swift; sourceTree = "<group>"; };
		503603452A69B50400CB7073 /* Assets.xcassets */ = {isa = PBXFileReference; lastKnownFileType = folder.assetcatalog; path = Assets.xcassets; sourceTree = "<group>"; };
		503603482A69B50400CB7073 /* Preview Assets.xcassets */ = {isa = PBXFileReference; lastKnownFileType = folder.assetcatalog; path = "Preview Assets.xcassets"; sourceTree = "<group>"; };
		503603512A69C82100CB7073 /* ImageView.swift */ = {isa = PBXFileReference; lastKnownFileType = sourcecode.swift; path = ImageView.swift; sourceTree = "<group>"; };
		506F7D812A7C35B70027574B /* pokedex-swiftTests.xctest */ = {isa = PBXFileReference; explicitFileType = wrapper.cfbundle; includeInIndex = 0; path = "pokedex-swiftTests.xctest"; sourceTree = BUILT_PRODUCTS_DIR; };
		506F7D832A7C35B70027574B /* pokedex_swiftTests.swift */ = {isa = PBXFileReference; lastKnownFileType = sourcecode.swift; path = pokedex_swiftTests.swift; sourceTree = "<group>"; };
/* End PBXFileReference section */

/* Begin PBXFrameworksBuildPhase section */
		5036033B2A69B50300CB7073 /* Frameworks */ = {
			isa = PBXFrameworksBuildPhase;
			buildActionMask = 2147483647;
			files = (
			);
			runOnlyForDeploymentPostprocessing = 0;
		};
		506F7D7E2A7C35B70027574B /* Frameworks */ = {
			isa = PBXFrameworksBuildPhase;
			buildActionMask = 2147483647;
			files = (
			);
			runOnlyForDeploymentPostprocessing = 0;
		};
/* End PBXFrameworksBuildPhase section */

/* Begin PBXGroup section */
		503603352A69B50300CB7073 = {
			isa = PBXGroup;
			children = (
				503603402A69B50300CB7073 /* pokedex-swift */,
				506F7D822A7C35B70027574B /* pokedex-swiftTests */,
				5036033F2A69B50300CB7073 /* Products */,
			);
			sourceTree = "<group>";
		};
		5036033F2A69B50300CB7073 /* Products */ = {
			isa = PBXGroup;
			children = (
				5036033E2A69B50300CB7073 /* pokedex-swift.app */,
				506F7D812A7C35B70027574B /* pokedex-swiftTests.xctest */,
			);
			name = Products;
			sourceTree = "<group>";
		};
		503603402A69B50300CB7073 /* pokedex-swift */ = {
			isa = PBXGroup;
			children = (
				503603412A69B50300CB7073 /* pokedex_swiftApp.swift */,
				503603512A69C82100CB7073 /* ImageView.swift */,
				503603432A69B50300CB7073 /* ContentView.swift */,
				503603452A69B50400CB7073 /* Assets.xcassets */,
				503603472A69B50400CB7073 /* Preview Content */,
			);
			path = "pokedex-swift";
			sourceTree = "<group>";
		};
		503603472A69B50400CB7073 /* Preview Content */ = {
			isa = PBXGroup;
			children = (
				503603482A69B50400CB7073 /* Preview Assets.xcassets */,
			);
			path = "Preview Content";
			sourceTree = "<group>";
		};
		506F7D822A7C35B70027574B /* pokedex-swiftTests */ = {
			isa = PBXGroup;
			children = (
				506F7D832A7C35B70027574B /* pokedex_swiftTests.swift */,
			);
			path = "pokedex-swiftTests";
			sourceTree = "<group>";
		};
/* End PBXGroup section */

/* Begin PBXNativeTarget section */
		5036033D2A69B50300CB7073 /* pokedex-swift */ = {
			isa = PBXNativeTarget;
			buildConfigurationList = 5036034C2A69B50400CB7073 /* Build configuration list for PBXNativeTarget "pokedex-swift" */;
			buildPhases = (
				5036033A2A69B50300CB7073 /* Sources */,
				5036033B2A69B50300CB7073 /* Frameworks */,
				5036033C2A69B50300CB7073 /* Resources */,
			);
			buildRules = (
			);
			dependencies = (
			);
			name = "pokedex-swift";
			productName = "pokedex-swift";
			productReference = 5036033E2A69B50300CB7073 /* pokedex-swift.app */;
			productType = "com.apple.product-type.application";
		};
		506F7D802A7C35B70027574B /* pokedex-swiftTests */ = {
			isa = PBXNativeTarget;
			buildConfigurationList = 506F7D872A7C35B70027574B /* Build configuration list for PBXNativeTarget "pokedex-swiftTests" */;
			buildPhases = (
				506F7D7D2A7C35B70027574B /* Sources */,
				506F7D7E2A7C35B70027574B /* Frameworks */,
				506F7D7F2A7C35B70027574B /* Resources */,
			);
			buildRules = (
			);
			dependencies = (
				506F7D862A7C35B70027574B /* PBXTargetDependency */,
			);
			name = "pokedex-swiftTests";
			productName = "pokedex-swiftTests";
			productReference = 506F7D812A7C35B70027574B /* pokedex-swiftTests.xctest */;
			productType = "com.apple.product-type.bundle.unit-test";
		};
/* End PBXNativeTarget section */

/* Begin PBXProject section */
		503603362A69B50300CB7073 /* Project object */ = {
			isa = PBXProject;
			attributes = {
				BuildIndependentTargetsInParallel = 1;
				LastSwiftUpdateCheck = 1430;
				LastUpgradeCheck = 1430;
				TargetAttributes = {
					5036033D2A69B50300CB7073 = {
						CreatedOnToolsVersion = 14.3.1;
					};
					506F7D802A7C35B70027574B = {
						CreatedOnToolsVersion = 14.3.1;
						TestTargetID = 5036033D2A69B50300CB7073;
					};
				};
			};
			buildConfigurationList = 503603392A69B50300CB7073 /* Build configuration list for PBXProject "pokedex-swift" */;
			compatibilityVersion = "Xcode 14.0";
			developmentRegion = en;
			hasScannedForEncodings = 0;
			knownRegions = (
				en,
				Base,
			);
			mainGroup = 503603352A69B50300CB7073;
			productRefGroup = 5036033F2A69B50300CB7073 /* Products */;
			projectDirPath = "";
			projectRoot = "";
			targets = (
				5036033D2A69B50300CB7073 /* pokedex-swift */,
				506F7D802A7C35B70027574B /* pokedex-swiftTests */,
			);
		};
/* End PBXProject section */

/* Begin PBXResourcesBuildPhase section */
		5036033C2A69B50300CB7073 /* Resources */ = {
			isa = PBXResourcesBuildPhase;
			buildActionMask = 2147483647;
			files = (
				503603492A69B50400CB7073 /* Preview Assets.xcassets in Resources */,
				503603462A69B50400CB7073 /* Assets.xcassets in Resources */,
			);
			runOnlyForDeploymentPostprocessing = 0;
		};
		506F7D7F2A7C35B70027574B /* Resources */ = {
			isa = PBXResourcesBuildPhase;
			buildActionMask = 2147483647;
			files = (
			);
			runOnlyForDeploymentPostprocessing = 0;
		};
/* End PBXResourcesBuildPhase section */

/* Begin PBXSourcesBuildPhase section */
		5036033A2A69B50300CB7073 /* Sources */ = {
			isa = PBXSourcesBuildPhase;
			buildActionMask = 2147483647;
			files = (
				503603522A69C82100CB7073 /* ImageView.swift in Sources */,
				503603442A69B50300CB7073 /* ContentView.swift in Sources */,
				503603422A69B50300CB7073 /* pokedex_swiftApp.swift in Sources */,
			);
			runOnlyForDeploymentPostprocessing = 0;
		};
		506F7D7D2A7C35B70027574B /* Sources */ = {
			isa = PBXSourcesBuildPhase;
			buildActionMask = 2147483647;
			files = (
				506F7D842A7C35B70027574B /* pokedex_swiftTests.swift in Sources */,
			);
			runOnlyForDeploymentPostprocessing = 0;
		};
/* End PBXSourcesBuildPhase section */

/* Begin PBXTargetDependency section */
		506F7D862A7C35B70027574B /* PBXTargetDependency */ = {
			isa = PBXTargetDependency;
			target = 5036033D2A69B50300CB7073 /* pokedex-swift */;
			targetProxy = 506F7D852A7C35B70027574B /* PBXContainerItemProxy */;
		};
/* End PBXTargetDependency section */

/* Begin XCBuildConfiguration section */
		5036034A2A69B50400CB7073 /* Debug */ = {
			isa = XCBuildConfiguration;
			buildSettings = {
				ALWAYS_SEARCH_USER_PATHS = NO;
				CLANG_ANALYZER_NONNULL = YES;
				CLANG_ANALYZER_NUMBER_OBJECT_CONVERSION = YES_AGGRESSIVE;
				CLANG_CXX_LANGUAGE_STANDARD = "gnu++20";
				CLANG_ENABLE_MODULES = YES;
				CLANG_ENABLE_OBJC_ARC = YES;
				CLANG_ENABLE_OBJC_WEAK = YES;
				CLANG_WARN_BLOCK_CAPTURE_AUTORELEASING = YES;
				CLANG_WARN_BOOL_CONVERSION = YES;
				CLANG_WARN_COMMA = YES;
				CLANG_WARN_CONSTANT_CONVERSION = YES;
				CLANG_WARN_DEPRECATED_OBJC_IMPLEMENTATIONS = YES;
				CLANG_WARN_DIRECT_OBJC_ISA_USAGE = YES_ERROR;
				CLANG_WARN_DOCUMENTATION_COMMENTS = YES;
				CLANG_WARN_EMPTY_BODY = YES;
				CLANG_WARN_ENUM_CONVERSION = YES;
				CLANG_WARN_INFINITE_RECURSION = YES;
				CLANG_WARN_INT_CONVERSION = YES;
				CLANG_WARN_NON_LITERAL_NULL_CONVERSION = YES;
				CLANG_WARN_OBJC_IMPLICIT_RETAIN_SELF = YES;
				CLANG_WARN_OBJC_LITERAL_CONVERSION = YES;
				CLANG_WARN_OBJC_ROOT_CLASS = YES_ERROR;
				CLANG_WARN_QUOTED_INCLUDE_IN_FRAMEWORK_HEADER = YES;
				CLANG_WARN_RANGE_LOOP_ANALYSIS = YES;
				CLANG_WARN_STRICT_PROTOTYPES = YES;
				CLANG_WARN_SUSPICIOUS_MOVE = YES;
				CLANG_WARN_UNGUARDED_AVAILABILITY = YES_AGGRESSIVE;
				CLANG_WARN_UNREACHABLE_CODE = YES;
				CLANG_WARN__DUPLICATE_METHOD_MATCH = YES;
				COPY_PHASE_STRIP = NO;
				DEBUG_INFORMATION_FORMAT = dwarf;
				ENABLE_STRICT_OBJC_MSGSEND = YES;
				ENABLE_TESTABILITY = YES;
				GCC_C_LANGUAGE_STANDARD = gnu11;
				GCC_DYNAMIC_NO_PIC = NO;
				GCC_NO_COMMON_BLOCKS = YES;
				GCC_OPTIMIZATION_LEVEL = 0;
				GCC_PREPROCESSOR_DEFINITIONS = (
					"DEBUG=1",
					"$(inherited)",
				);
				GCC_WARN_64_TO_32_BIT_CONVERSION = YES;
				GCC_WARN_ABOUT_RETURN_TYPE = YES_ERROR;
				GCC_WARN_UNDECLARED_SELECTOR = YES;
				GCC_WARN_UNINITIALIZED_AUTOS = YES_AGGRESSIVE;
				GCC_WARN_UNUSED_FUNCTION = YES;
				GCC_WARN_UNUSED_VARIABLE = YES;
				IPHONEOS_DEPLOYMENT_TARGET = 16.4;
				MTL_ENABLE_DEBUG_INFO = INCLUDE_SOURCE;
				MTL_FAST_MATH = YES;
				ONLY_ACTIVE_ARCH = YES;
				SDKROOT = iphoneos;
				SWIFT_ACTIVE_COMPILATION_CONDITIONS = DEBUG;
				SWIFT_OPTIMIZATION_LEVEL = "-Onone";
			};
			name = Debug;
		};
		5036034B2A69B50400CB7073 /* Release */ = {
			isa = XCBuildConfiguration;
			buildSettings = {
				ALWAYS_SEARCH_USER_PATHS = NO;
				CLANG_ANALYZER_NONNULL = YES;
				CLANG_ANALYZER_NUMBER_OBJECT_CONVERSION = YES_AGGRESSIVE;
				CLANG_CXX_LANGUAGE_STANDARD = "gnu++20";
				CLANG_ENABLE_MODULES = YES;
				CLANG_ENABLE_OBJC_ARC = YES;
				CLANG_ENABLE_OBJC_WEAK = YES;
				CLANG_WARN_BLOCK_CAPTURE_AUTORELEASING = YES;
				CLANG_WARN_BOOL_CONVERSION = YES;
				CLANG_WARN_COMMA = YES;
				CLANG_WARN_CONSTANT_CONVERSION = YES;
				CLANG_WARN_DEPRECATED_OBJC_IMPLEMENTATIONS = YES;
				CLANG_WARN_DIRECT_OBJC_ISA_USAGE = YES_ERROR;
				CLANG_WARN_DOCUMENTATION_COMMENTS = YES;
				CLANG_WARN_EMPTY_BODY = YES;
				CLANG_WARN_ENUM_CONVERSION = YES;
				CLANG_WARN_INFINITE_RECURSION = YES;
				CLANG_WARN_INT_CONVERSION = YES;
				CLANG_WARN_NON_LITERAL_NULL_CONVERSION = YES;
				CLANG_WARN_OBJC_IMPLICIT_RETAIN_SELF = YES;
				CLANG_WARN_OBJC_LITERAL_CONVERSION = YES;
				CLANG_WARN_OBJC_ROOT_CLASS = YES_ERROR;
				CLANG_WARN_QUOTED_INCLUDE_IN_FRAMEWORK_HEADER = YES;
				CLANG_WARN_RANGE_LOOP_ANALYSIS = YES;
				CLANG_WARN_STRICT_PROTOTYPES = YES;
				CLANG_WARN_SUSPICIOUS_MOVE = YES;
				CLANG_WARN_UNGUARDED_AVAILABILITY = YES_AGGRESSIVE;
				CLANG_WARN_UNREACHABLE_CODE = YES;
				CLANG_WARN__DUPLICATE_METHOD_MATCH = YES;
				COPY_PHASE_STRIP = NO;
				DEBUG_INFORMATION_FORMAT = "dwarf-with-dsym";
				ENABLE_NS_ASSERTIONS = NO;
				ENABLE_STRICT_OBJC_MSGSEND = YES;
				GCC_C_LANGUAGE_STANDARD = gnu11;
				GCC_NO_COMMON_BLOCKS = YES;
				GCC_WARN_64_TO_32_BIT_CONVERSION = YES;
				GCC_WARN_ABOUT_RETURN_TYPE = YES_ERROR;
				GCC_WARN_UNDECLARED_SELECTOR = YES;
				GCC_WARN_UNINITIALIZED_AUTOS = YES_AGGRESSIVE;
				GCC_WARN_UNUSED_FUNCTION = YES;
				GCC_WARN_UNUSED_VARIABLE = YES;
				IPHONEOS_DEPLOYMENT_TARGET = 16.4;
				MTL_ENABLE_DEBUG_INFO = NO;
				MTL_FAST_MATH = YES;
				SDKROOT = iphoneos;
				SWIFT_COMPILATION_MODE = wholemodule;
				SWIFT_OPTIMIZATION_LEVEL = "-O";
				VALIDATE_PRODUCT = YES;
			};
			name = Release;
		};
		5036034D2A69B50400CB7073 /* Debug */ = {
			isa = XCBuildConfiguration;
			buildSettings = {
				ASSETCATALOG_COMPILER_APPICON_NAME = AppIcon;
				ASSETCATALOG_COMPILER_GLOBAL_ACCENT_COLOR_NAME = AccentColor;
				CODE_SIGN_STYLE = Automatic;
				CURRENT_PROJECT_VERSION = 1;
				DEVELOPMENT_ASSET_PATHS = "\"pokedex-swift/Preview Content\"";
				ENABLE_PREVIEWS = YES;
				GENERATE_INFOPLIST_FILE = YES;
				INFOPLIST_KEY_UIApplicationSceneManifest_Generation = YES;
				INFOPLIST_KEY_UIApplicationSupportsIndirectInputEvents = YES;
				INFOPLIST_KEY_UILaunchScreen_Generation = YES;
				INFOPLIST_KEY_UISupportedInterfaceOrientations_iPad = "UIInterfaceOrientationPortrait UIInterfaceOrientationPortraitUpsideDown UIInterfaceOrientationLandscapeLeft UIInterfaceOrientationLandscapeRight";
				INFOPLIST_KEY_UISupportedInterfaceOrientations_iPhone = "UIInterfaceOrientationPortrait UIInterfaceOrientationLandscapeLeft UIInterfaceOrientationLandscapeRight";
				LD_RUNPATH_SEARCH_PATHS = (
					"$(inherited)",
					"@executable_path/Frameworks",
				);
				MARKETING_VERSION = 1.0;
				PRODUCT_BUNDLE_IDENTIFIER = "com.marimart.pokedex-swift";
				PRODUCT_NAME = "$(TARGET_NAME)";
				SWIFT_EMIT_LOC_STRINGS = YES;
				SWIFT_VERSION = 5.0;
				TARGETED_DEVICE_FAMILY = "1,2";
			};
			name = Debug;
		};
		5036034E2A69B50400CB7073 /* Release */ = {
			isa = XCBuildConfiguration;
			buildSettings = {
				ASSETCATALOG_COMPILER_APPICON_NAME = AppIcon;
				ASSETCATALOG_COMPILER_GLOBAL_ACCENT_COLOR_NAME = AccentColor;
				CODE_SIGN_STYLE = Automatic;
				CURRENT_PROJECT_VERSION = 1;
				DEVELOPMENT_ASSET_PATHS = "\"pokedex-swift/Preview Content\"";
				ENABLE_PREVIEWS = YES;
				GENERATE_INFOPLIST_FILE = YES;
				INFOPLIST_KEY_UIApplicationSceneManifest_Generation = YES;
				INFOPLIST_KEY_UIApplicationSupportsIndirectInputEvents = YES;
				INFOPLIST_KEY_UILaunchScreen_Generation = YES;
				INFOPLIST_KEY_UISupportedInterfaceOrientations_iPad = "UIInterfaceOrientationPortrait UIInterfaceOrientationPortraitUpsideDown UIInterfaceOrientationLandscapeLeft UIInterfaceOrientationLandscapeRight";
				INFOPLIST_KEY_UISupportedInterfaceOrientations_iPhone = "UIInterfaceOrientationPortrait UIInterfaceOrientationLandscapeLeft UIInterfaceOrientationLandscapeRight";
				LD_RUNPATH_SEARCH_PATHS = (
					"$(inherited)",
					"@executable_path/Frameworks",
				);
				MARKETING_VERSION = 1.0;
				PRODUCT_BUNDLE_IDENTIFIER = "com.marimart.pokedex-swift";
				PRODUCT_NAME = "$(TARGET_NAME)";
				SWIFT_EMIT_LOC_STRINGS = YES;
				SWIFT_VERSION = 5.0;
				TARGETED_DEVICE_FAMILY = "1,2";
			};
			name = Release;
		};
		506F7D882A7C35B70027574B /* Debug */ = {
			isa = XCBuildConfiguration;
			buildSettings = {
				BUNDLE_LOADER = "$(TEST_HOST)";
				CODE_SIGN_STYLE = Automatic;
				CURRENT_PROJECT_VERSION = 1;
				GENERATE_INFOPLIST_FILE = YES;
				MARKETING_VERSION = 1.0;
				PRODUCT_BUNDLE_IDENTIFIER = "com.marimart.pokedex-swiftTests";
				PRODUCT_NAME = "$(TARGET_NAME)";
				SWIFT_EMIT_LOC_STRINGS = NO;
				SWIFT_VERSION = 5.0;
				TARGETED_DEVICE_FAMILY = "1,2";
				TEST_HOST = "$(BUILT_PRODUCTS_DIR)/pokedex-swift.app/$(BUNDLE_EXECUTABLE_FOLDER_PATH)/pokedex-swift";
			};
			name = Debug;
		};
		506F7D892A7C35B70027574B /* Release */ = {
			isa = XCBuildConfiguration;
			buildSettings = {
				BUNDLE_LOADER = "$(TEST_HOST)";
				CODE_SIGN_STYLE = Automatic;
				CURRENT_PROJECT_VERSION = 1;
				GENERATE_INFOPLIST_FILE = YES;
				MARKETING_VERSION = 1.0;
				PRODUCT_BUNDLE_IDENTIFIER = "com.marimart.pokedex-swiftTests";
				PRODUCT_NAME = "$(TARGET_NAME)";
				SWIFT_EMIT_LOC_STRINGS = NO;
				SWIFT_VERSION = 5.0;
				TARGETED_DEVICE_FAMILY = "1,2";
				TEST_HOST = "$(BUILT_PRODUCTS_DIR)/pokedex-swift.app/$(BUNDLE_EXECUTABLE_FOLDER_PATH)/pokedex-swift";
			};
			name = Release;
		};
/* End XCBuildConfiguration section */

/* Begin XCConfigurationList section */
		503603392A69B50300CB7073 /* Build configuration list for PBXProject "pokedex-swift" */ = {
			isa = XCConfigurationList;
			buildConfigurations = (
				5036034A2A69B50400CB7073 /* Debug */,
				5036034B2A69B50400CB7073 /* Release */,
			);
			defaultConfigurationIsVisible = 0;
			defaultConfigurationName = Release;
		};
		5036034C2A69B50400CB7073 /* Build configuration list for PBXNativeTarget "pokedex-swift" */ = {
			isa = XCConfigurationList;
			buildConfigurations = (
				5036034D2A69B50400CB7073 /* Debug */,
				5036034E2A69B50400CB7073 /* Release */,
			);
			defaultConfigurationIsVisible = 0;
			defaultConfigurationName = Release;
		};
		506F7D872A7C35B70027574B /* Build configuration list for PBXNativeTarget "pokedex-swiftTests" */ = {
			isa = XCConfigurationList;
			buildConfigurations = (
				506F7D882A7C35B70027574B /* Debug */,
				506F7D892A7C35B70027574B /* Release */,
			);
			defaultConfigurationIsVisible = 0;
			defaultConfigurationName = Release;
		};
/* End XCConfigurationList section */
	};
	rootObject = 503603362A69B50300CB7073 /* Project object */;
}
